
Microsoft Visual Studio Solution File, Format Version 12.00
# Visual Studio Version 16
VisualStudioVersion = 16.0.29009.5
MinimumVisualStudioVersion = 10.0.40219.1
Project("{F184B08F-C81C-45F6-A57F-5ABD9991F28F}") = "LSMainProgram", "LSView\LSMainProgram\LSMainProgram.vbproj", "{75F9DDA8-467C-4019-8368-4BFE935E20E8}"
EndProject
Project("{F184B08F-C81C-45F6-A57F-5ABD9991F28F}") = "LSDataModel", "LSDataModel\LSDataModel.vbproj", "{B7C67CD0-1DFC-4769-B440-3DA3070C58E2}"
EndProject
Project("{F184B08F-C81C-45F6-A57F-5ABD9991F28F}") = "LSDBManager", "LSDBManager\LSDBManager.vbproj", "{962AEBD4-DD8C-4D30-A7DC-5E9B10F66E0E}"
EndProject
Project("{2150E333-8FDC-42A3-9474-1A3956D46DE8}") = "View", "View", "{02B8C612-0F42-4D9E-9E1F-481141CC690F}"
EndProject
Project("{2150E333-8FDC-42A3-9474-1A3956D46DE8}") = "DataModel", "DataModel", "{83AEAA73-0C02-4FAB-B1F2-599CD6C07BA9}"
EndProject
Project("{2150E333-8FDC-42A3-9474-1A3956D46DE8}") = "DBManager", "DBManager", "{58E22EB5-0E9A-4863-ACE9-084DCB2A0482}"
EndProject
Project("{2150E333-8FDC-42A3-9474-1A3956D46DE8}") = "Controls", "Controls", "{D312BB77-3F72-4B77-A4D6-73BA87CBFC5F}"
EndProject
Project("{2150E333-8FDC-42A3-9474-1A3956D46DE8}") = "Main", "Main", "{43A33493-D8BE-4930-9CF1-8D107197A132}"
EndProject
Project("{F184B08F-C81C-45F6-A57F-5ABD9991F28F}") = "LSUltraCasellaTesto", "LSControls\LSUltraCasellaTesto\LSUltraCasellaTesto.vbproj", "{F71D0C0F-3388-4214-AFEE-86D37F48AFB5}"
EndProject
Project("{F184B08F-C81C-45F6-A57F-5ABD9991F28F}") = "LSUltraDataOraSel", "LSControls\LSUltraDataOraSel\LSUltraDataOraSel.vbproj", "{F4A0CD47-6496-42DC-86E7-518E1704C35F}"
EndProject
Project("{F184B08F-C81C-45F6-A57F-5ABD9991F28F}") = "LSUltraMenuTendina", "LSControls\LSUltraMenuTendina\LSUltraMenuTendina.vbproj", "{283E5CB0-F352-4307-9772-8E705D0C6797}"
EndProject
Project("{F184B08F-C81C-45F6-A57F-5ABD9991F28F}") = "LSUltraPassword", "LSControls\LSUltraPassword\LSUltraPassword.vbproj", "{CC3E6AD3-1DE9-460C-B621-33A68BF35CD0}"
EndProject
Project("{2150E333-8FDC-42A3-9474-1A3956D46DE8}") = "Common", "Common", "{FCEBAA5E-C7FF-4A3D-8AE1-243C77E10865}"
EndProject
Project("{F184B08F-C81C-45F6-A57F-5ABD9991F28F}") = "LSCommon", "LSCommon\LSCommon.vbproj", "{19EAFE53-8339-4EB1-93D7-6723D0F22A35}"
EndProject
Project("{2150E333-8FDC-42A3-9474-1A3956D46DE8}") = "WPF", "WPF", "{3126592D-C11F-465D-B5EE-2F324D06F3D3}"
EndProject
Project("{F184B08F-C81C-45F6-A57F-5ABD9991F28F}") = "LSMainProgramWPF", "LSView\WPF\LSMainProgramWPF\LSMainProgramWPF.vbproj", "{C2C70C2E-811A-4AE9-BCB0-68BFB6FA2A4D}"
EndProject
Project("{F184B08F-C81C-45F6-A57F-5ABD9991F28F}") = "LSCtrlAnaBase", "LSControls\LSCtrlAnaBase\LSCtrlAnaBase.vbproj", "{629C07FF-62F0-455A-8F4E-5F799A497150}"
EndProject
Project("{F184B08F-C81C-45F6-A57F-5ABD9991F28F}") = "LSCtrlAnaParti", "LSControls\LSCtrlAnaParte\LSCtrlAnaParti.vbproj", "{655E995D-11D8-4E8A-B028-7AA48F7592D6}"
EndProject
Project("{F184B08F-C81C-45F6-A57F-5ABD9991F28F}") = "LSCtrlAnaControparte", "LSControls\LSCtrlAnaControparte\LSCtrlAnaControparte.vbproj", "{D64FD5BF-22F2-40C1-99FA-75F62080ADC9}"
EndProject
Project("{F184B08F-C81C-45F6-A57F-5ABD9991F28F}") = "LSCtrlAnaPersone", "LSControls\LSCtrlAnaPersona\LSCtrlAnaPersone.vbproj", "{07113B06-5BC9-4180-BBDE-F3408E01C759}"
EndProject
Project("{F184B08F-C81C-45F6-A57F-5ABD9991F28F}") = "LSCtrlAnaUtenti", "LSControls\LSCtrlAnaUtente\LSCtrlAnaUtenti.vbproj", "{ECA555D4-91F7-47C1-B054-31EB428C4A72}"
EndProject
Project("{F184B08F-C81C-45F6-A57F-5ABD9991F28F}") = "LSCtrlAnaAvv", "LSControls\LSCtrlAnaAvv\LSCtrlAnaAvv.vbproj", "{55624181-AD8A-41CC-AA00-B2DE8528BA1C}"
EndProject
Project("{F184B08F-C81C-45F6-A57F-5ABD9991F28F}") = "LSCtrlComAtti", "LSControls\LSCtrlComAtti\LSCtrlComAtti.vbproj", "{FD630CC9-C081-4A45-9145-674497FD30CD}"
EndProject
Global
	GlobalSection(SolutionConfigurationPlatforms) = preSolution
		Debug|Any CPU = Debug|Any CPU
		Release|Any CPU = Release|Any CPU
	EndGlobalSection
	GlobalSection(ProjectConfigurationPlatforms) = postSolution
		{75F9DDA8-467C-4019-8368-4BFE935E20E8}.Debug|Any CPU.ActiveCfg = Debug|Any CPU
		{75F9DDA8-467C-4019-8368-4BFE935E20E8}.Debug|Any CPU.Build.0 = Debug|Any CPU
		{75F9DDA8-467C-4019-8368-4BFE935E20E8}.Release|Any CPU.ActiveCfg = Release|Any CPU
		{75F9DDA8-467C-4019-8368-4BFE935E20E8}.Release|Any CPU.Build.0 = Release|Any CPU
		{B7C67CD0-1DFC-4769-B440-3DA3070C58E2}.Debug|Any CPU.ActiveCfg = Debug|Any CPU
		{B7C67CD0-1DFC-4769-B440-3DA3070C58E2}.Debug|Any CPU.Build.0 = Debug|Any CPU
		{B7C67CD0-1DFC-4769-B440-3DA3070C58E2}.Release|Any CPU.ActiveCfg = Release|Any CPU
		{B7C67CD0-1DFC-4769-B440-3DA3070C58E2}.Release|Any CPU.Build.0 = Release|Any CPU
		{962AEBD4-DD8C-4D30-A7DC-5E9B10F66E0E}.Debug|Any CPU.ActiveCfg = Debug|Any CPU
		{962AEBD4-DD8C-4D30-A7DC-5E9B10F66E0E}.Debug|Any CPU.Build.0 = Debug|Any CPU
		{962AEBD4-DD8C-4D30-A7DC-5E9B10F66E0E}.Release|Any CPU.ActiveCfg = Release|Any CPU
		{962AEBD4-DD8C-4D30-A7DC-5E9B10F66E0E}.Release|Any CPU.Build.0 = Release|Any CPU
		{F71D0C0F-3388-4214-AFEE-86D37F48AFB5}.Debug|Any CPU.ActiveCfg = Debug|Any CPU
		{F71D0C0F-3388-4214-AFEE-86D37F48AFB5}.Debug|Any CPU.Build.0 = Debug|Any CPU
		{F71D0C0F-3388-4214-AFEE-86D37F48AFB5}.Release|Any CPU.ActiveCfg = Release|Any CPU
		{F71D0C0F-3388-4214-AFEE-86D37F48AFB5}.Release|Any CPU.Build.0 = Release|Any CPU
		{F4A0CD47-6496-42DC-86E7-518E1704C35F}.Debug|Any CPU.ActiveCfg = Debug|Any CPU
		{F4A0CD47-6496-42DC-86E7-518E1704C35F}.Debug|Any CPU.Build.0 = Debug|Any CPU
		{F4A0CD47-6496-42DC-86E7-518E1704C35F}.Release|Any CPU.ActiveCfg = Release|Any CPU
		{F4A0CD47-6496-42DC-86E7-518E1704C35F}.Release|Any CPU.Build.0 = Release|Any CPU
		{283E5CB0-F352-4307-9772-8E705D0C6797}.Debug|Any CPU.ActiveCfg = Debug|Any CPU
		{283E5CB0-F352-4307-9772-8E705D0C6797}.Debug|Any CPU.Build.0 = Debug|Any CPU
		{283E5CB0-F352-4307-9772-8E705D0C6797}.Release|Any CPU.ActiveCfg = Release|Any CPU
		{283E5CB0-F352-4307-9772-8E705D0C6797}.Release|Any CPU.Build.0 = Release|Any CPU
		{CC3E6AD3-1DE9-460C-B621-33A68BF35CD0}.Debug|Any CPU.ActiveCfg = Debug|Any CPU
		{CC3E6AD3-1DE9-460C-B621-33A68BF35CD0}.Debug|Any CPU.Build.0 = Debug|Any CPU
		{CC3E6AD3-1DE9-460C-B621-33A68BF35CD0}.Release|Any CPU.ActiveCfg = Release|Any CPU
		{CC3E6AD3-1DE9-460C-B621-33A68BF35CD0}.Release|Any CPU.Build.0 = Release|Any CPU
		{19EAFE53-8339-4EB1-93D7-6723D0F22A35}.Debug|Any CPU.ActiveCfg = Debug|Any CPU
		{19EAFE53-8339-4EB1-93D7-6723D0F22A35}.Debug|Any CPU.Build.0 = Debug|Any CPU
		{19EAFE53-8339-4EB1-93D7-6723D0F22A35}.Release|Any CPU.ActiveCfg = Release|Any CPU
		{19EAFE53-8339-4EB1-93D7-6723D0F22A35}.Release|Any CPU.Build.0 = Release|Any CPU
		{C2C70C2E-811A-4AE9-BCB0-68BFB6FA2A4D}.Debug|Any CPU.ActiveCfg = Debug|Any CPU
		{C2C70C2E-811A-4AE9-BCB0-68BFB6FA2A4D}.Debug|Any CPU.Build.0 = Debug|Any CPU
		{C2C70C2E-811A-4AE9-BCB0-68BFB6FA2A4D}.Release|Any CPU.ActiveCfg = Release|Any CPU
		{C2C70C2E-811A-4AE9-BCB0-68BFB6FA2A4D}.Release|Any CPU.Build.0 = Release|Any CPU
		{629C07FF-62F0-455A-8F4E-5F799A497150}.Debug|Any CPU.ActiveCfg = Debug|Any CPU
		{629C07FF-62F0-455A-8F4E-5F799A497150}.Debug|Any CPU.Build.0 = Debug|Any CPU
		{629C07FF-62F0-455A-8F4E-5F799A497150}.Release|Any CPU.ActiveCfg = Release|Any CPU
		{629C07FF-62F0-455A-8F4E-5F799A497150}.Release|Any CPU.Build.0 = Release|Any CPU
		{655E995D-11D8-4E8A-B028-7AA48F7592D6}.Debug|Any CPU.ActiveCfg = Debug|Any CPU
		{655E995D-11D8-4E8A-B028-7AA48F7592D6}.Debug|Any CPU.Build.0 = Debug|Any CPU
		{655E995D-11D8-4E8A-B028-7AA48F7592D6}.Release|Any CPU.ActiveCfg = Release|Any CPU
		{655E995D-11D8-4E8A-B028-7AA48F7592D6}.Release|Any CPU.Build.0 = Release|Any CPU
		{D64FD5BF-22F2-40C1-99FA-75F62080ADC9}.Debug|Any CPU.ActiveCfg = Debug|Any CPU
		{D64FD5BF-22F2-40C1-99FA-75F62080ADC9}.Debug|Any CPU.Build.0 = Debug|Any CPU
		{D64FD5BF-22F2-40C1-99FA-75F62080ADC9}.Release|Any CPU.ActiveCfg = Release|Any CPU
		{D64FD5BF-22F2-40C1-99FA-75F62080ADC9}.Release|Any CPU.Build.0 = Release|Any CPU
		{07113B06-5BC9-4180-BBDE-F3408E01C759}.Debug|Any CPU.ActiveCfg = Debug|Any CPU
		{07113B06-5BC9-4180-BBDE-F3408E01C759}.Debug|Any CPU.Build.0 = Debug|Any CPU
		{07113B06-5BC9-4180-BBDE-F3408E01C759}.Release|Any CPU.ActiveCfg = Release|Any CPU
		{07113B06-5BC9-4180-BBDE-F3408E01C759}.Release|Any CPU.Build.0 = Release|Any CPU
		{ECA555D4-91F7-47C1-B054-31EB428C4A72}.Debug|Any CPU.ActiveCfg = Debug|Any CPU
		{ECA555D4-91F7-47C1-B054-31EB428C4A72}.Debug|Any CPU.Build.0 = Debug|Any CPU
		{ECA555D4-91F7-47C1-B054-31EB428C4A72}.Release|Any CPU.ActiveCfg = Release|Any CPU
		{ECA555D4-91F7-47C1-B054-31EB428C4A72}.Release|Any CPU.Build.0 = Release|Any CPU
		{55624181-AD8A-41CC-AA00-B2DE8528BA1C}.Debug|Any CPU.ActiveCfg = Debug|Any CPU
		{55624181-AD8A-41CC-AA00-B2DE8528BA1C}.Debug|Any CPU.Build.0 = Debug|Any CPU
		{55624181-AD8A-41CC-AA00-B2DE8528BA1C}.Release|Any CPU.ActiveCfg = Release|Any CPU
		{55624181-AD8A-41CC-AA00-B2DE8528BA1C}.Release|Any CPU.Build.0 = Release|Any CPU
		{FD630CC9-C081-4A45-9145-674497FD30CD}.Debug|Any CPU.ActiveCfg = Debug|Any CPU
		{FD630CC9-C081-4A45-9145-674497FD30CD}.Debug|Any CPU.Build.0 = Debug|Any CPU
		{FD630CC9-C081-4A45-9145-674497FD30CD}.Release|Any CPU.ActiveCfg = Release|Any CPU
		{FD630CC9-C081-4A45-9145-674497FD30CD}.Release|Any CPU.Build.0 = Release|Any CPU
	EndGlobalSection
	GlobalSection(SolutionProperties) = preSolution
		HideSolutionNode = FALSE
	EndGlobalSection
	GlobalSection(NestedProjects) = preSolution
		{75F9DDA8-467C-4019-8368-4BFE935E20E8} = {43A33493-D8BE-4930-9CF1-8D107197A132}
		{B7C67CD0-1DFC-4769-B440-3DA3070C58E2} = {83AEAA73-0C02-4FAB-B1F2-599CD6C07BA9}
		{962AEBD4-DD8C-4D30-A7DC-5E9B10F66E0E} = {58E22EB5-0E9A-4863-ACE9-084DCB2A0482}
		{F71D0C0F-3388-4214-AFEE-86D37F48AFB5} = {D312BB77-3F72-4B77-A4D6-73BA87CBFC5F}
		{F4A0CD47-6496-42DC-86E7-518E1704C35F} = {D312BB77-3F72-4B77-A4D6-73BA87CBFC5F}
		{283E5CB0-F352-4307-9772-8E705D0C6797} = {D312BB77-3F72-4B77-A4D6-73BA87CBFC5F}
		{CC3E6AD3-1DE9-460C-B621-33A68BF35CD0} = {D312BB77-3F72-4B77-A4D6-73BA87CBFC5F}
		{19EAFE53-8339-4EB1-93D7-6723D0F22A35} = {FCEBAA5E-C7FF-4A3D-8AE1-243C77E10865}
		{3126592D-C11F-465D-B5EE-2F324D06F3D3} = {02B8C612-0F42-4D9E-9E1F-481141CC690F}
		{C2C70C2E-811A-4AE9-BCB0-68BFB6FA2A4D} = {3126592D-C11F-465D-B5EE-2F324D06F3D3}
		{629C07FF-62F0-455A-8F4E-5F799A497150} = {D312BB77-3F72-4B77-A4D6-73BA87CBFC5F}
		{655E995D-11D8-4E8A-B028-7AA48F7592D6} = {D312BB77-3F72-4B77-A4D6-73BA87CBFC5F}
		{D64FD5BF-22F2-40C1-99FA-75F62080ADC9} = {D312BB77-3F72-4B77-A4D6-73BA87CBFC5F}
		{07113B06-5BC9-4180-BBDE-F3408E01C759} = {D312BB77-3F72-4B77-A4D6-73BA87CBFC5F}
		{ECA555D4-91F7-47C1-B054-31EB428C4A72} = {D312BB77-3F72-4B77-A4D6-73BA87CBFC5F}
		{55624181-AD8A-41CC-AA00-B2DE8528BA1C} = {D312BB77-3F72-4B77-A4D6-73BA87CBFC5F}
		{FD630CC9-C081-4A45-9145-674497FD30CD} = {D312BB77-3F72-4B77-A4D6-73BA87CBFC5F}
	EndGlobalSection
	GlobalSection(ExtensibilityGlobals) = postSolution
		SolutionGuid = {47977F4B-7725-421F-8A9A-D9DFB4CBA4FB}
	EndGlobalSection
EndGlobal
